// !$*UTF8*$!
{
	archiveVersion = 1;
	classes = {
	};
	objectVersion = 56;
	objects = {

/* Begin PBXBuildFile section */
		8754458C2B148F180056E964 /* HabitsService.swift in Sources */ = {isa = PBXBuildFile; fileRef = 8754458B2B148F180056E964 /* HabitsService.swift */; };
		87BE6E0C2B11EF3700E1DFD9 /* AppDelegate.swift in Sources */ = {isa = PBXBuildFile; fileRef = 87BE6E0B2B11EF3700E1DFD9 /* AppDelegate.swift */; };
		87BE6E0E2B11EF3700E1DFD9 /* SceneDelegate.swift in Sources */ = {isa = PBXBuildFile; fileRef = 87BE6E0D2B11EF3700E1DFD9 /* SceneDelegate.swift */; };
		87BE6E102B11EF3700E1DFD9 /* ViewController.swift in Sources */ = {isa = PBXBuildFile; fileRef = 87BE6E0F2B11EF3700E1DFD9 /* ViewController.swift */; };
		87BE6E132B11EF3700E1DFD9 /* Main.storyboard in Resources */ = {isa = PBXBuildFile; fileRef = 87BE6E112B11EF3700E1DFD9 /* Main.storyboard */; };
		87BE6E152B11EF3900E1DFD9 /* Assets.xcassets in Resources */ = {isa = PBXBuildFile; fileRef = 87BE6E142B11EF3900E1DFD9 /* Assets.xcassets */; };
		87BE6E182B11EF3900E1DFD9 /* LaunchScreen.storyboard in Resources */ = {isa = PBXBuildFile; fileRef = 87BE6E162B11EF3900E1DFD9 /* LaunchScreen.storyboard */; };
		87BE6E242B11FE1000E1DFD9 /* HabitsResult.swift in Sources */ = {isa = PBXBuildFile; fileRef = 87BE6E232B11FE1000E1DFD9 /* HabitsResult.swift */; };
		87BE6E282B11FFFF00E1DFD9 /* HabitsListCell.swift in Sources */ = {isa = PBXBuildFile; fileRef = 87BE6E272B11FFFF00E1DFD9 /* HabitsListCell.swift */; };
		87BE6E2A2B12177100E1DFD9 /* HabitsLoading.swift in Sources */ = {isa = PBXBuildFile; fileRef = 87BE6E292B12177100E1DFD9 /* HabitsLoading.swift */; };
		87BE6E2C2B122E9400E1DFD9 /* NetworkClient.swift in Sources */ = {isa = PBXBuildFile; fileRef = 87BE6E2B2B122E9400E1DFD9 /* NetworkClient.swift */; };
/* End PBXBuildFile section */

/* Begin PBXFileReference section */
		8754458B2B148F180056E964 /* HabitsService.swift */ = {isa = PBXFileReference; lastKnownFileType = sourcecode.swift; path = HabitsService.swift; sourceTree = "<group>"; };
		87BE6E082B11EF3700E1DFD9 /* Habits.app */ = {isa = PBXFileReference; explicitFileType = wrapper.application; includeInIndex = 0; path = Habits.app; sourceTree = BUILT_PRODUCTS_DIR; };
		87BE6E0B2B11EF3700E1DFD9 /* AppDelegate.swift */ = {isa = PBXFileReference; lastKnownFileType = sourcecode.swift; path = AppDelegate.swift; sourceTree = "<group>"; };
		87BE6E0D2B11EF3700E1DFD9 /* SceneDelegate.swift */ = {isa = PBXFileReference; lastKnownFileType = sourcecode.swift; path = SceneDelegate.swift; sourceTree = "<group>"; };
		87BE6E0F2B11EF3700E1DFD9 /* ViewController.swift */ = {isa = PBXFileReference; lastKnownFileType = sourcecode.swift; path = ViewController.swift; sourceTree = "<group>"; };
		87BE6E122B11EF3700E1DFD9 /* Base */ = {isa = PBXFileReference; lastKnownFileType = file.storyboard; name = Base; path = Base.lproj/Main.storyboard; sourceTree = "<group>"; };
		87BE6E142B11EF3900E1DFD9 /* Assets.xcassets */ = {isa = PBXFileReference; lastKnownFileType = folder.assetcatalog; path = Assets.xcassets; sourceTree = "<group>"; };
		87BE6E172B11EF3900E1DFD9 /* Base */ = {isa = PBXFileReference; lastKnownFileType = file.storyboard; name = Base; path = Base.lproj/LaunchScreen.storyboard; sourceTree = "<group>"; };
		87BE6E192B11EF3900E1DFD9 /* Info.plist */ = {isa = PBXFileReference; lastKnownFileType = text.plist.xml; path = Info.plist; sourceTree = "<group>"; };
		87BE6E232B11FE1000E1DFD9 /* HabitsResult.swift */ = {isa = PBXFileReference; lastKnownFileType = sourcecode.swift; path = HabitsResult.swift; sourceTree = "<group>"; };
		87BE6E272B11FFFF00E1DFD9 /* HabitsListCell.swift */ = {isa = PBXFileReference; lastKnownFileType = sourcecode.swift; path = HabitsListCell.swift; sourceTree = "<group>"; };
		87BE6E292B12177100E1DFD9 /* HabitsLoading.swift */ = {isa = PBXFileReference; lastKnownFileType = sourcecode.swift; path = HabitsLoading.swift; sourceTree = "<group>"; };
		87BE6E2B2B122E9400E1DFD9 /* NetworkClient.swift */ = {isa = PBXFileReference; lastKnownFileType = sourcecode.swift; path = NetworkClient.swift; sourceTree = "<group>"; };
/* End PBXFileReference section */

/* Begin PBXFrameworksBuildPhase section */
		87BE6E052B11EF3700E1DFD9 /* Frameworks */ = {
			isa = PBXFrameworksBuildPhase;
			buildActionMask = 2147483647;
			files = (
			);
			runOnlyForDeploymentPostprocessing = 0;
		};
/* End PBXFrameworksBuildPhase section */

/* Begin PBXGroup section */
		87BE6DFF2B11EF3700E1DFD9 = {
			isa = PBXGroup;
			children = (
				87BE6E0A2B11EF3700E1DFD9 /* Habits */,
				87BE6E092B11EF3700E1DFD9 /* Products */,
			);
			sourceTree = "<group>";
		};
		87BE6E092B11EF3700E1DFD9 /* Products */ = {
			isa = PBXGroup;
			children = (
				87BE6E082B11EF3700E1DFD9 /* Habits.app */,
			);
			name = Products;
			sourceTree = "<group>";
		};
		87BE6E0A2B11EF3700E1DFD9 /* Habits */ = {
			isa = PBXGroup;
			children = (
				87BE6E222B11FDD500E1DFD9 /* Models */,
				87BE6E212B11FD8800E1DFD9 /* Services */,
				87BE6E1F2B11F9E900E1DFD9 /* Presentation */,
				87BE6E202B11FA0700E1DFD9 /* Resources */,
				87BE6E0B2B11EF3700E1DFD9 /* AppDelegate.swift */,
				87BE6E0D2B11EF3700E1DFD9 /* SceneDelegate.swift */,
			);
			path = Habits;
			sourceTree = "<group>";
		};
		87BE6E1F2B11F9E900E1DFD9 /* Presentation */ = {
			isa = PBXGroup;
			children = (
				87BE6E0F2B11EF3700E1DFD9 /* ViewController.swift */,
				87BE6E112B11EF3700E1DFD9 /* Main.storyboard */,
				87BE6E272B11FFFF00E1DFD9 /* HabitsListCell.swift */,
			);
			path = Presentation;
			sourceTree = "<group>";
		};
		87BE6E202B11FA0700E1DFD9 /* Resources */ = {
			isa = PBXGroup;
			children = (
				87BE6E142B11EF3900E1DFD9 /* Assets.xcassets */,
				87BE6E162B11EF3900E1DFD9 /* LaunchScreen.storyboard */,
				87BE6E192B11EF3900E1DFD9 /* Info.plist */,
			);
			path = Resources;
			sourceTree = "<group>";
		};
		87BE6E212B11FD8800E1DFD9 /* Services */ = {
			isa = PBXGroup;
			children = (
				87BE6E292B12177100E1DFD9 /* HabitsLoading.swift */,
				87BE6E2B2B122E9400E1DFD9 /* NetworkClient.swift */,
				8754458B2B148F180056E964 /* HabitsService.swift */,
			);
			path = Services;
			sourceTree = "<group>";
		};
		87BE6E222B11FDD500E1DFD9 /* Models */ = {
			isa = PBXGroup;
			children = (
				87BE6E232B11FE1000E1DFD9 /* HabitsResult.swift */,
			);
			path = Models;
			sourceTree = "<group>";
		};
/* End PBXGroup section */

/* Begin PBXNativeTarget section */
		87BE6E072B11EF3700E1DFD9 /* Habits */ = {
			isa = PBXNativeTarget;
			buildConfigurationList = 87BE6E1C2B11EF3900E1DFD9 /* Build configuration list for PBXNativeTarget "Habits" */;
			buildPhases = (
				87BE6E042B11EF3700E1DFD9 /* Sources */,
				87BE6E052B11EF3700E1DFD9 /* Frameworks */,
				87BE6E062B11EF3700E1DFD9 /* Resources */,
			);
			buildRules = (
			);
			dependencies = (
			);
			name = Habits;
			productName = Habits;
			productReference = 87BE6E082B11EF3700E1DFD9 /* Habits.app */;
			productType = "com.apple.product-type.application";
		};
/* End PBXNativeTarget section */

/* Begin PBXProject section */
		87BE6E002B11EF3700E1DFD9 /* Project object */ = {
			isa = PBXProject;
			attributes = {
				BuildIndependentTargetsInParallel = 1;
				LastSwiftUpdateCheck = 1500;
				LastUpgradeCheck = 1500;
				TargetAttributes = {
					87BE6E072B11EF3700E1DFD9 = {
						CreatedOnToolsVersion = 15.0.1;
					};
				};
			};
			buildConfigurationList = 87BE6E032B11EF3700E1DFD9 /* Build configuration list for PBXProject "Habits" */;
			compatibilityVersion = "Xcode 14.0";
			developmentRegion = en;
			hasScannedForEncodings = 0;
			knownRegions = (
				en,
				Base,
			);
			mainGroup = 87BE6DFF2B11EF3700E1DFD9;
			productRefGroup = 87BE6E092B11EF3700E1DFD9 /* Products */;
			projectDirPath = "";
			projectRoot = "";
			targets = (
				87BE6E072B11EF3700E1DFD9 /* Habits */,
			);
		};
/* End PBXProject section */

/* Begin PBXResourcesBuildPhase section */
		87BE6E062B11EF3700E1DFD9 /* Resources */ = {
			isa = PBXResourcesBuildPhase;
			buildActionMask = 2147483647;
			files = (
				87BE6E182B11EF3900E1DFD9 /* LaunchScreen.storyboard in Resources */,
				87BE6E152B11EF3900E1DFD9 /* Assets.xcassets in Resources */,
				87BE6E132B11EF3700E1DFD9 /* Main.storyboard in Resources */,
			);
			runOnlyForDeploymentPostprocessing = 0;
		};
/* End PBXResourcesBuildPhase section */

/* Begin PBXSourcesBuildPhase section */
		87BE6E042B11EF3700E1DFD9 /* Sources */ = {
			isa = PBXSourcesBuildPhase;
			buildActionMask = 2147483647;
			files = (
				87BE6E2A2B12177100E1DFD9 /* HabitsLoading.swift in Sources */,
				87BE6E102B11EF3700E1DFD9 /* ViewController.swift in Sources */,
				8754458C2B148F180056E964 /* HabitsService.swift in Sources */,
				87BE6E0C2B11EF3700E1DFD9 /* AppDelegate.swift in Sources */,
				87BE6E282B11FFFF00E1DFD9 /* HabitsListCell.swift in Sources */,
				87BE6E2C2B122E9400E1DFD9 /* NetworkClient.swift in Sources */,
				87BE6E0E2B11EF3700E1DFD9 /* SceneDelegate.swift in Sources */,
				87BE6E242B11FE1000E1DFD9 /* HabitsResult.swift in Sources */,
			);
			runOnlyForDeploymentPostprocessing = 0;
		};
/* End PBXSourcesBuildPhase section */

/* Begin PBXVariantGroup section */
		87BE6E112B11EF3700E1DFD9 /* Main.storyboard */ = {
			isa = PBXVariantGroup;
			children = (
				87BE6E122B11EF3700E1DFD9 /* Base */,
			);
			name = Main.storyboard;
			sourceTree = "<group>";
		};
		87BE6E162B11EF3900E1DFD9 /* LaunchScreen.storyboard */ = {
			isa = PBXVariantGroup;
			children = (
				87BE6E172B11EF3900E1DFD9 /* Base */,
			);
			name = LaunchScreen.storyboard;
			sourceTree = "<group>";
		};
/* End PBXVariantGroup section */

/* Begin XCBuildConfiguration section */
		87BE6E1A2B11EF3900E1DFD9 /* Debug */ = {
			isa = XCBuildConfiguration;
			buildSettings = {
				ALWAYS_SEARCH_USER_PATHS = NO;
				ASSETCATALOG_COMPILER_GENERATE_SWIFT_ASSET_SYMBOL_EXTENSIONS = YES;
				CLANG_ANALYZER_NONNULL = YES;
				CLANG_ANALYZER_NUMBER_OBJECT_CONVERSION = YES_AGGRESSIVE;
				CLANG_CXX_LANGUAGE_STANDARD = "gnu++20";
				CLANG_ENABLE_MODULES = YES;
				CLANG_ENABLE_OBJC_ARC = YES;
				CLANG_ENABLE_OBJC_WEAK = YES;
				CLANG_WARN_BLOCK_CAPTURE_AUTORELEASING = YES;
				CLANG_WARN_BOOL_CONVERSION = YES;
				CLANG_WARN_COMMA = YES;
				CLANG_WARN_CONSTANT_CONVERSION = YES;
				CLANG_WARN_DEPRECATED_OBJC_IMPLEMENTATIONS = YES;
				CLANG_WARN_DIRECT_OBJC_ISA_USAGE = YES_ERROR;
				CLANG_WARN_DOCUMENTATION_COMMENTS = YES;
				CLANG_WARN_EMPTY_BODY = YES;
				CLANG_WARN_ENUM_CONVERSION = YES;
				CLANG_WARN_INFINITE_RECURSION = YES;
				CLANG_WARN_INT_CONVERSION = YES;
				CLANG_WARN_NON_LITERAL_NULL_CONVERSION = YES;
				CLANG_WARN_OBJC_IMPLICIT_RETAIN_SELF = YES;
				CLANG_WARN_OBJC_LITERAL_CONVERSION = YES;
				CLANG_WARN_OBJC_ROOT_CLASS = YES_ERROR;
				CLANG_WARN_QUOTED_INCLUDE_IN_FRAMEWORK_HEADER = YES;
				CLANG_WARN_RANGE_LOOP_ANALYSIS = YES;
				CLANG_WARN_STRICT_PROTOTYPES = YES;
				CLANG_WARN_SUSPICIOUS_MOVE = YES;
				CLANG_WARN_UNGUARDED_AVAILABILITY = YES_AGGRESSIVE;
				CLANG_WARN_UNREACHABLE_CODE = YES;
				CLANG_WARN__DUPLICATE_METHOD_MATCH = YES;
				CODE_SIGN_ENTITLEMENTS = "";
				COPY_PHASE_STRIP = NO;
				DEBUG_INFORMATION_FORMAT = dwarf;
				ENABLE_STRICT_OBJC_MSGSEND = YES;
				ENABLE_TESTABILITY = YES;
				ENABLE_USER_SCRIPT_SANDBOXING = YES;
				GCC_C_LANGUAGE_STANDARD = gnu17;
				GCC_DYNAMIC_NO_PIC = NO;
				GCC_NO_COMMON_BLOCKS = YES;
				GCC_OPTIMIZATION_LEVEL = 0;
				GCC_PREPROCESSOR_DEFINITIONS = (
					"DEBUG=1",
					"$(inherited)",
				);
				GCC_WARN_64_TO_32_BIT_CONVERSION = YES;
				GCC_WARN_ABOUT_RETURN_TYPE = YES_ERROR;
				GCC_WARN_UNDECLARED_SELECTOR = YES;
				GCC_WARN_UNINITIALIZED_AUTOS = YES_AGGRESSIVE;
				GCC_WARN_UNUSED_FUNCTION = YES;
				GCC_WARN_UNUSED_VARIABLE = YES;
				IPHONEOS_DEPLOYMENT_TARGET = 17.0;
				LOCALIZATION_PREFERS_STRING_CATALOGS = YES;
				MTL_ENABLE_DEBUG_INFO = INCLUDE_SOURCE;
				MTL_FAST_MATH = YES;
				ONLY_ACTIVE_ARCH = YES;
				SDKROOT = iphoneos;
				SWIFT_ACTIVE_COMPILATION_CONDITIONS = "DEBUG $(inherited)";
				SWIFT_OPTIMIZATION_LEVEL = "-Onone";
			};
			name = Debug;
		};
		87BE6E1B2B11EF3900E1DFD9 /* Release */ = {
			isa = XCBuildConfiguration;
			buildSettings = {
				ALWAYS_SEARCH_USER_PATHS = NO;
				ASSETCATALOG_COMPILER_GENERATE_SWIFT_ASSET_SYMBOL_EXTENSIONS = YES;
				CLANG_ANALYZER_NONNULL = YES;
				CLANG_ANALYZER_NUMBER_OBJECT_CONVERSION = YES_AGGRESSIVE;
				CLANG_CXX_LANGUAGE_STANDARD = "gnu++20";
				CLANG_ENABLE_MODULES = YES;
				CLANG_ENABLE_OBJC_ARC = YES;
				CLANG_ENABLE_OBJC_WEAK = YES;
				CLANG_WARN_BLOCK_CAPTURE_AUTORELEASING = YES;
				CLANG_WARN_BOOL_CONVERSION = YES;
				CLANG_WARN_COMMA = YES;
				CLANG_WARN_CONSTANT_CONVERSION = YES;
				CLANG_WARN_DEPRECATED_OBJC_IMPLEMENTATIONS = YES;
				CLANG_WARN_DIRECT_OBJC_ISA_USAGE = YES_ERROR;
				CLANG_WARN_DOCUMENTATION_COMMENTS = YES;
				CLANG_WARN_EMPTY_BODY = YES;
				CLANG_WARN_ENUM_CONVERSION = YES;
				CLANG_WARN_INFINITE_RECURSION = YES;
				CLANG_WARN_INT_CONVERSION = YES;
				CLANG_WARN_NON_LITERAL_NULL_CONVERSION = YES;
				CLANG_WARN_OBJC_IMPLICIT_RETAIN_SELF = YES;
				CLANG_WARN_OBJC_LITERAL_CONVERSION = YES;
				CLANG_WARN_OBJC_ROOT_CLASS = YES_ERROR;
				CLANG_WARN_QUOTED_INCLUDE_IN_FRAMEWORK_HEADER = YES;
				CLANG_WARN_RANGE_LOOP_ANALYSIS = YES;
				CLANG_WARN_STRICT_PROTOTYPES = YES;
				CLANG_WARN_SUSPICIOUS_MOVE = YES;
				CLANG_WARN_UNGUARDED_AVAILABILITY = YES_AGGRESSIVE;
				CLANG_WARN_UNREACHABLE_CODE = YES;
				CLANG_WARN__DUPLICATE_METHOD_MATCH = YES;
				CODE_SIGN_ENTITLEMENTS = "";
				COPY_PHASE_STRIP = NO;
				DEBUG_INFORMATION_FORMAT = "dwarf-with-dsym";
				ENABLE_NS_ASSERTIONS = NO;
				ENABLE_STRICT_OBJC_MSGSEND = YES;
				ENABLE_USER_SCRIPT_SANDBOXING = YES;
				GCC_C_LANGUAGE_STANDARD = gnu17;
				GCC_NO_COMMON_BLOCKS = YES;
				GCC_WARN_64_TO_32_BIT_CONVERSION = YES;
				GCC_WARN_ABOUT_RETURN_TYPE = YES_ERROR;
				GCC_WARN_UNDECLARED_SELECTOR = YES;
				GCC_WARN_UNINITIALIZED_AUTOS = YES_AGGRESSIVE;
				GCC_WARN_UNUSED_FUNCTION = YES;
				GCC_WARN_UNUSED_VARIABLE = YES;
				IPHONEOS_DEPLOYMENT_TARGET = 17.0;
				LOCALIZATION_PREFERS_STRING_CATALOGS = YES;
				MTL_ENABLE_DEBUG_INFO = NO;
				MTL_FAST_MATH = YES;
				SDKROOT = iphoneos;
				SWIFT_COMPILATION_MODE = wholemodule;
				VALIDATE_PRODUCT = YES;
			};
			name = Release;
		};
		87BE6E1D2B11EF3900E1DFD9 /* Debug */ = {
			isa = XCBuildConfiguration;
			buildSettings = {
				ASSETCATALOG_COMPILER_APPICON_NAME = AppIcon;
				ASSETCATALOG_COMPILER_GLOBAL_ACCENT_COLOR_NAME = AccentColor;
				CODE_SIGN_ENTITLEMENTS = "";
				CODE_SIGN_STYLE = Automatic;
				CURRENT_PROJECT_VERSION = 1;
				DEVELOPMENT_TEAM = AMLNY4CPQ6;
				GENERATE_INFOPLIST_FILE = YES;
				INFOPLIST_FILE = Habits/Resources/Info.plist;
				INFOPLIST_KEY_UIApplicationSupportsIndirectInputEvents = YES;
				INFOPLIST_KEY_UILaunchStoryboardName = LaunchScreen;
				INFOPLIST_KEY_UIMainStoryboardFile = Main;
				INFOPLIST_KEY_UISupportedInterfaceOrientations_iPad = "UIInterfaceOrientationPortrait UIInterfaceOrientationPortraitUpsideDown UIInterfaceOrientationLandscapeLeft UIInterfaceOrientationLandscapeRight";
				INFOPLIST_KEY_UISupportedInterfaceOrientations_iPhone = "UIInterfaceOrientationPortrait UIInterfaceOrientationLandscapeLeft UIInterfaceOrientationLandscapeRight";
				LD_RUNPATH_SEARCH_PATHS = (
					"$(inherited)",
					"@executable_path/Frameworks",
				);
				MARKETING_VERSION = 1.0;
				PRODUCT_BUNDLE_IDENTIFIER = ru.Mishal12g.Habits;
				PRODUCT_NAME = "$(TARGET_NAME)";
				SWIFT_EMIT_LOC_STRINGS = YES;
				SWIFT_VERSION = 5.0;
				TARGETED_DEVICE_FAMILY = "1,2";
			};
			name = Debug;
		};
		87BE6E1E2B11EF3900E1DFD9 /* Release */ = {
			isa = XCBuildConfiguration;
			buildSettings = {
				ASSETCATALOG_COMPILER_APPICON_NAME = AppIcon;
				ASSETCATALOG_COMPILER_GLOBAL_ACCENT_COLOR_NAME = AccentColor;
				CODE_SIGN_ENTITLEMENTS = "";
				CODE_SIGN_STYLE = Automatic;
				CURRENT_PROJECT_VERSION = 1;
				DEVELOPMENT_TEAM = AMLNY4CPQ6;
				GENERATE_INFOPLIST_FILE = YES;
				INFOPLIST_FILE = Habits/Resources/Info.plist;
				INFOPLIST_KEY_UIApplicationSupportsIndirectInputEvents = YES;
				INFOPLIST_KEY_UILaunchStoryboardName = LaunchScreen;
				INFOPLIST_KEY_UIMainStoryboardFile = Main;
				INFOPLIST_KEY_UISupportedInterfaceOrientations_iPad = "UIInterfaceOrientationPortrait UIInterfaceOrientationPortraitUpsideDown UIInterfaceOrientationLandscapeLeft UIInterfaceOrientationLandscapeRight";
				INFOPLIST_KEY_UISupportedInterfaceOrientations_iPhone = "UIInterfaceOrientationPortrait UIInterfaceOrientationLandscapeLeft UIInterfaceOrientationLandscapeRight";
				LD_RUNPATH_SEARCH_PATHS = (
					"$(inherited)",
					"@executable_path/Frameworks",
				);
				MARKETING_VERSION = 1.0;
				PRODUCT_BUNDLE_IDENTIFIER = ru.Mishal12g.Habits;
				PRODUCT_NAME = "$(TARGET_NAME)";
				SWIFT_EMIT_LOC_STRINGS = YES;
				SWIFT_VERSION = 5.0;
				TARGETED_DEVICE_FAMILY = "1,2";
			};
			name = Release;
		};
/* End XCBuildConfiguration section */

/* Begin XCConfigurationList section */
		87BE6E032B11EF3700E1DFD9 /* Build configuration list for PBXProject "Habits" */ = {
			isa = XCConfigurationList;
			buildConfigurations = (
				87BE6E1A2B11EF3900E1DFD9 /* Debug */,
				87BE6E1B2B11EF3900E1DFD9 /* Release */,
			);
			defaultConfigurationIsVisible = 0;
			defaultConfigurationName = Release;
		};
		87BE6E1C2B11EF3900E1DFD9 /* Build configuration list for PBXNativeTarget "Habits" */ = {
			isa = XCConfigurationList;
			buildConfigurations = (
				87BE6E1D2B11EF3900E1DFD9 /* Debug */,
				87BE6E1E2B11EF3900E1DFD9 /* Release */,
			);
			defaultConfigurationIsVisible = 0;
			defaultConfigurationName = Release;
		};
/* End XCConfigurationList section */
	};
	rootObject = 87BE6E002B11EF3700E1DFD9 /* Project object */;
}
